// !$*UTF8*$!
{
	archiveVersion = 1;
	classes = {
	};
	objectVersion = 48;
	objects = {

/* Begin PBXBuildFile section */
		9006BEAA1FA4B76400A5F247 /* AppDelegate.swift in Sources */ = {isa = PBXBuildFile; fileRef = 9006BEA91FA4B76400A5F247 /* AppDelegate.swift */; };
		9006BEAC1FA4B76400A5F247 /* RootViewController.swift in Sources */ = {isa = PBXBuildFile; fileRef = 9006BEAB1FA4B76400A5F247 /* RootViewController.swift */; };
		9006BEAE1FA4B76400A5F247 /* DataViewController.swift in Sources */ = {isa = PBXBuildFile; fileRef = 9006BEAD1FA4B76400A5F247 /* DataViewController.swift */; };
		9006BEB01FA4B76400A5F247 /* ModelController.swift in Sources */ = {isa = PBXBuildFile; fileRef = 9006BEAF1FA4B76400A5F247 /* ModelController.swift */; };
		9006BEB31FA4B76400A5F247 /* Main.storyboard in Resources */ = {isa = PBXBuildFile; fileRef = 9006BEB11FA4B76400A5F247 /* Main.storyboard */; };
		9006BEB51FA4B76400A5F247 /* Assets.xcassets in Resources */ = {isa = PBXBuildFile; fileRef = 9006BEB41FA4B76400A5F247 /* Assets.xcassets */; };
		9006BEB81FA4B76400A5F247 /* LaunchScreen.storyboard in Resources */ = {isa = PBXBuildFile; fileRef = 9006BEB61FA4B76400A5F247 /* LaunchScreen.storyboard */; };
/* End PBXBuildFile section */

/* Begin PBXFileReference section */
		9006BEA61FA4B76400A5F247 /* PageBasedApp.app */ = {isa = PBXFileReference; explicitFileType = wrapper.application; includeInIndex = 0; path = PageBasedApp.app; sourceTree = BUILT_PRODUCTS_DIR; };
		9006BEA91FA4B76400A5F247 /* AppDelegate.swift */ = {isa = PBXFileReference; lastKnownFileType = sourcecode.swift; path = AppDelegate.swift; sourceTree = "<group>"; };
		9006BEAB1FA4B76400A5F247 /* RootViewController.swift */ = {isa = PBXFileReference; lastKnownFileType = sourcecode.swift; path = RootViewController.swift; sourceTree = "<group>"; };
		9006BEAD1FA4B76400A5F247 /* DataViewController.swift */ = {isa = PBXFileReference; lastKnownFileType = sourcecode.swift; path = DataViewController.swift; sourceTree = "<group>"; };
		9006BEAF1FA4B76400A5F247 /* ModelController.swift */ = {isa = PBXFileReference; lastKnownFileType = sourcecode.swift; path = ModelController.swift; sourceTree = "<group>"; };
		9006BEB21FA4B76400A5F247 /* Base */ = {isa = PBXFileReference; lastKnownFileType = file.storyboard; name = Base; path = Base.lproj/Main.storyboard; sourceTree = "<group>"; };
		9006BEB41FA4B76400A5F247 /* Assets.xcassets */ = {isa = PBXFileReference; lastKnownFileType = folder.assetcatalog; path = Assets.xcassets; sourceTree = "<group>"; };
		9006BEB71FA4B76400A5F247 /* Base */ = {isa = PBXFileReference; lastKnownFileType = file.storyboard; name = Base; path = Base.lproj/LaunchScreen.storyboard; sourceTree = "<group>"; };
		9006BEB91FA4B76400A5F247 /* Info.plist */ = {isa = PBXFileReference; lastKnownFileType = text.plist.xml; path = Info.plist; sourceTree = "<group>"; };
/* End PBXFileReference section */

/* Begin PBXFrameworksBuildPhase section */
		9006BEA31FA4B76400A5F247 /* Frameworks */ = {
			isa = PBXFrameworksBuildPhase;
			buildActionMask = 2147483647;
			files = (
			);
			runOnlyForDeploymentPostprocessing = 0;
		};
/* End PBXFrameworksBuildPhase section */

/* Begin PBXGroup section */
		9006BE9D1FA4B76400A5F247 = {
			isa = PBXGroup;
			children = (
				9006BEA81FA4B76400A5F247 /* PageBasedApp */,
				9006BEA71FA4B76400A5F247 /* Products */,
			);
			sourceTree = "<group>";
		};
		9006BEA71FA4B76400A5F247 /* Products */ = {
			isa = PBXGroup;
			children = (
				9006BEA61FA4B76400A5F247 /* PageBasedApp.app */,
			);
			name = Products;
			sourceTree = "<group>";
		};
		9006BEA81FA4B76400A5F247 /* PageBasedApp */ = {
			isa = PBXGroup;
			children = (
				9006BEA91FA4B76400A5F247 /* AppDelegate.swift */,
				9006BEAB1FA4B76400A5F247 /* RootViewController.swift */,
				9006BEAD1FA4B76400A5F247 /* DataViewController.swift */,
				9006BEAF1FA4B76400A5F247 /* ModelController.swift */,
				9006BEB11FA4B76400A5F247 /* Main.storyboard */,
				9006BEB41FA4B76400A5F247 /* Assets.xcassets */,
				9006BEB61FA4B76400A5F247 /* LaunchScreen.storyboard */,
				9006BEB91FA4B76400A5F247 /* Info.plist */,
			);
			path = PageBasedApp;
			sourceTree = "<group>";
		};
/* End PBXGroup section */

/* Begin PBXNativeTarget section */
		9006BEA51FA4B76400A5F247 /* PageBasedApp */ = {
			isa = PBXNativeTarget;
			buildConfigurationList = 9006BEBC1FA4B76400A5F247 /* Build configuration list for PBXNativeTarget "PageBasedApp" */;
			buildPhases = (
				9006BEA21FA4B76400A5F247 /* Sources */,
				9006BEA31FA4B76400A5F247 /* Frameworks */,
				9006BEA41FA4B76400A5F247 /* Resources */,
			);
			buildRules = (
			);
			dependencies = (
			);
			name = PageBasedApp;
			productName = PageBasedApp;
			productReference = 9006BEA61FA4B76400A5F247 /* PageBasedApp.app */;
			productType = "com.apple.product-type.application";
		};
/* End PBXNativeTarget section */

/* Begin PBXProject section */
		9006BE9E1FA4B76400A5F247 /* Project object */ = {
			isa = PBXProject;
			attributes = {
				LastSwiftUpdateCheck = 0900;
				LastUpgradeCheck = 0900;
				ORGANIZATIONNAME = "Francis Jemuel Bergonia";
				TargetAttributes = {
					9006BEA51FA4B76400A5F247 = {
						CreatedOnToolsVersion = 9.0;
						ProvisioningStyle = Automatic;
					};
				};
			};
			buildConfigurationList = 9006BEA11FA4B76400A5F247 /* Build configuration list for PBXProject "PageBasedApp" */;
			compatibilityVersion = "Xcode 8.0";
			developmentRegion = en;
			hasScannedForEncodings = 0;
			knownRegions = (
				en,
				Base,
			);
			mainGroup = 9006BE9D1FA4B76400A5F247;
			productRefGroup = 9006BEA71FA4B76400A5F247 /* Products */;
			projectDirPath = "";
			projectRoot = "";
			targets = (
				9006BEA51FA4B76400A5F247 /* PageBasedApp */,
			);
		};
/* End PBXProject section */

/* Begin PBXResourcesBuildPhase section */
		9006BEA41FA4B76400A5F247 /* Resources */ = {
			isa = PBXResourcesBuildPhase;
			buildActionMask = 2147483647;
			files = (
				9006BEB81FA4B76400A5F247 /* LaunchScreen.storyboard in Resources */,
				9006BEB51FA4B76400A5F247 /* Assets.xcassets in Resources */,
				9006BEB31FA4B76400A5F247 /* Main.storyboard in Resources */,
			);
			runOnlyForDeploymentPostprocessing = 0;
		};
/* End PBXResourcesBuildPhase section */

/* Begin PBXSourcesBuildPhase section */
		9006BEA21FA4B76400A5F247 /* Sources */ = {
			isa = PBXSourcesBuildPhase;
			buildActionMask = 2147483647;
			files = (
				9006BEAC1FA4B76400A5F247 /* RootViewController.swift in Sources */,
				9006BEB01FA4B76400A5F247 /* ModelController.swift in Sources */,
				9006BEAE1FA4B76400A5F247 /* DataViewController.swift in Sources */,
				9006BEAA1FA4B76400A5F247 /* AppDelegate.swift in Sources */,
			);
			runOnlyForDeploymentPostprocessing = 0;
		};
/* End PBXSourcesBuildPhase section */

/* Begin PBXVariantGroup section */
		9006BEB11FA4B76400A5F247 /* Main.storyboard */ = {
			isa = PBXVariantGroup;
			children = (
				9006BEB21FA4B76400A5F247 /* Base */,
			);
			name = Main.storyboard;
			sourceTree = "<group>";
		};
		9006BEB61FA4B76400A5F247 /* LaunchScreen.storyboard */ = {
			isa = PBXVariantGroup;
			children = (
				9006BEB71FA4B76400A5F247 /* Base */,
			);
			name = LaunchScreen.storyboard;
			sourceTree = "<group>";
		};
/* End PBXVariantGroup section */

/* Begin XCBuildConfiguration section */
		9006BEBA1FA4B76400A5F247 /* Debug */ = {
			isa = XCBuildConfiguration;
			buildSettings = {
				ALWAYS_SEARCH_USER_PATHS = NO;
				CLANG_ANALYZER_NONNULL = YES;
				CLANG_ANALYZER_NUMBER_OBJECT_CONVERSION = YES_AGGRESSIVE;
				CLANG_CXX_LANGUAGE_STANDARD = "gnu++14";
				CLANG_CXX_LIBRARY = "libc++";
				CLANG_ENABLE_MODULES = YES;
				CLANG_ENABLE_OBJC_ARC = YES;
				CLANG_WARN_BLOCK_CAPTURE_AUTORELEASING = YES;
				CLANG_WARN_BOOL_CONVERSION = YES;
				CLANG_WARN_COMMA = YES;
				CLANG_WARN_CONSTANT_CONVERSION = YES;
				CLANG_WARN_DIRECT_OBJC_ISA_USAGE = YES_ERROR;
				CLANG_WARN_DOCUMENTATION_COMMENTS = YES;
				CLANG_WARN_EMPTY_BODY = YES;
				CLANG_WARN_ENUM_CONVERSION = YES;
				CLANG_WARN_INFINITE_RECURSION = YES;
				CLANG_WARN_INT_CONVERSION = YES;
				CLANG_WARN_NON_LITERAL_NULL_CONVERSION = YES;
				CLANG_WARN_OBJC_LITERAL_CONVERSION = YES;
				CLANG_WARN_OBJC_ROOT_CLASS = YES_ERROR;
				CLANG_WARN_RANGE_LOOP_ANALYSIS = YES;
				CLANG_WARN_STRICT_PROTOTYPES = YES;
				CLANG_WARN_SUSPICIOUS_MOVE = YES;
				CLANG_WARN_UNGUARDED_AVAILABILITY = YES_AGGRESSIVE;
				CLANG_WARN_UNREACHABLE_CODE = YES;
				CLANG_WARN__DUPLICATE_METHOD_MATCH = YES;
				CODE_SIGN_IDENTITY = "iPhone Developer";
				COPY_PHASE_STRIP = NO;
				DEBUG_INFORMATION_FORMAT = dwarf;
				ENABLE_STRICT_OBJC_MSGSEND = YES;
				ENABLE_TESTABILITY = YES;
				GCC_C_LANGUAGE_STANDARD = gnu11;
				GCC_DYNAMIC_NO_PIC = NO;
				GCC_NO_COMMON_BLOCKS = YES;
				GCC_OPTIMIZATION_LEVEL = 0;
				GCC_PREPROCESSOR_DEFINITIONS = (
					"DEBUG=1",
					"$(inherited)",
				);
				GCC_WARN_64_TO_32_BIT_CONVERSION = YES;
				GCC_WARN_ABOUT_RETURN_TYPE = YES_ERROR;
				GCC_WARN_UNDECLARED_SELECTOR = YES;
				GCC_WARN_UNINITIALIZED_AUTOS = YES_AGGRESSIVE;
				GCC_WARN_UNUSED_FUNCTION = YES;
				GCC_WARN_UNUSED_VARIABLE = YES;
				IPHONEOS_DEPLOYMENT_TARGET = 11.0;
				MTL_ENABLE_DEBUG_INFO = YES;
				ONLY_ACTIVE_ARCH = YES;
				SDKROOT = iphoneos;
				SWIFT_ACTIVE_COMPILATION_CONDITIONS = DEBUG;
				SWIFT_OPTIMIZATION_LEVEL = "-Onone";
			};
			name = Debug;
		};
		9006BEBB1FA4B76400A5F247 /* Release */ = {
			isa = XCBuildConfiguration;
			buildSettings = {
				ALWAYS_SEARCH_USER_PATHS = NO;
				CLANG_ANALYZER_NONNULL = YES;
				CLANG_ANALYZER_NUMBER_OBJECT_CONVERSION = YES_AGGRESSIVE;
				CLANG_CXX_LANGUAGE_STANDARD = "gnu++14";
				CLANG_CXX_LIBRARY = "libc++";
				CLANG_ENABLE_MODULES = YES;
				CLANG_ENABLE_OBJC_ARC = YES;
				CLANG_WARN_BLOCK_CAPTURE_AUTORELEASING = YES;
				CLANG_WARN_BOOL_CONVERSION = YES;
				CLANG_WARN_COMMA = YES;
				CLANG_WARN_CONSTANT_CONVERSION = YES;
				CLANG_WARN_DIRECT_OBJC_ISA_USAGE = YES_ERROR;
				CLANG_WARN_DOCUMENTATION_COMMENTS = YES;
				CLANG_WARN_EMPTY_BODY = YES;
				CLANG_WARN_ENUM_CONVERSION = YES;
				CLANG_WARN_INFINITE_RECURSION = YES;
				CLANG_WARN_INT_CONVERSION = YES;
				CLANG_WARN_NON_LITERAL_NULL_CONVERSION = YES;
				CLANG_WARN_OBJC_LITERAL_CONVERSION = YES;
				CLANG_WARN_OBJC_ROOT_CLASS = YES_ERROR;
				CLANG_WARN_RANGE_LOOP_ANALYSIS = YES;
				CLANG_WARN_STRICT_PROTOTYPES = YES;
				CLANG_WARN_SUSPICIOUS_MOVE = YES;
				CLANG_WARN_UNGUARDED_AVAILABILITY = YES_AGGRESSIVE;
				CLANG_WARN_UNREACHABLE_CODE = YES;
				CLANG_WARN__DUPLICATE_METHOD_MATCH = YES;
				CODE_SIGN_IDENTITY = "iPhone Developer";
				COPY_PHASE_STRIP = NO;
				DEBUG_INFORMATION_FORMAT = "dwarf-with-dsym";
				ENABLE_NS_ASSERTIONS = NO;
				ENABLE_STRICT_OBJC_MSGSEND = YES;
				GCC_C_LANGUAGE_STANDARD = gnu11;
				GCC_NO_COMMON_BLOCKS = YES;
				GCC_WARN_64_TO_32_BIT_CONVERSION = YES;
				GCC_WARN_ABOUT_RETURN_TYPE = YES_ERROR;
				GCC_WARN_UNDECLARED_SELECTOR = YES;
				GCC_WARN_UNINITIALIZED_AUTOS = YES_AGGRESSIVE;
				GCC_WARN_UNUSED_FUNCTION = YES;
				GCC_WARN_UNUSED_VARIABLE = YES;
				IPHONEOS_DEPLOYMENT_TARGET = 11.0;
				MTL_ENABLE_DEBUG_INFO = NO;
				SDKROOT = iphoneos;
				SWIFT_OPTIMIZATION_LEVEL = "-Owholemodule";
				VALIDATE_PRODUCT = YES;
			};
			name = Release;
		};
		9006BEBD1FA4B76400A5F247 /* Debug */ = {
			isa = XCBuildConfiguration;
			buildSettings = {
				ASSETCATALOG_COMPILER_APPICON_NAME = AppIcon;
				CODE_SIGN_STYLE = Automatic;
				INFOPLIST_FILE = PageBasedApp/Info.plist;
				LD_RUNPATH_SEARCH_PATHS = "$(inherited) @executable_path/Frameworks";
				PRODUCT_BUNDLE_IDENTIFIER = com.XiApps.PageBasedApp;
				PRODUCT_NAME = "$(TARGET_NAME)";
				SWIFT_VERSION = 4.0;
				TARGETED_DEVICE_FAMILY = "1,2";
			};
			name = Debug;
		};
		9006BEBE1FA4B76400A5F247 /* Release */ = {
			isa = XCBuildConfiguration;
			buildSettings = {
				ASSETCATALOG_COMPILER_APPICON_NAME = AppIcon;
				CODE_SIGN_STYLE = Automatic;
				INFOPLIST_FILE = PageBasedApp/Info.plist;
				LD_RUNPATH_SEARCH_PATHS = "$(inherited) @executable_path/Frameworks";
				PRODUCT_BUNDLE_IDENTIFIER = com.XiApps.PageBasedApp;
				PRODUCT_NAME = "$(TARGET_NAME)";
				SWIFT_VERSION = 4.0;
				TARGETED_DEVICE_FAMILY = "1,2";
			};
			name = Release;
		};
/* End XCBuildConfiguration section */

/* Begin XCConfigurationList section */
		9006BEA11FA4B76400A5F247 /* Build configuration list for PBXProject "PageBasedApp" */ = {
			isa = XCConfigurationList;
			buildConfigurations = (
				9006BEBA1FA4B76400A5F247 /* Debug */,
				9006BEBB1FA4B76400A5F247 /* Release */,
			);
			defaultConfigurationIsVisible = 0;
			defaultConfigurationName = Release;
		};
		9006BEBC1FA4B76400A5F247 /* Build configuration list for PBXNativeTarget "PageBasedApp" */ = {
			isa = XCConfigurationList;
			buildConfigurations = (
				9006BEBD1FA4B76400A5F247 /* Debug */,
				9006BEBE1FA4B76400A5F247 /* Release */,
			);
			defaultConfigurationIsVisible = 0;
			defaultConfigurationName = Release;
		};
/* End XCConfigurationList section */
	};
	rootObject = 9006BE9E1FA4B76400A5F247 /* Project object */;
}
